
Microsoft Visual Studio Solution File, Format Version 12.00
# Visual Studio 15
VisualStudioVersion = 15.0.28307.960
MinimumVisualStudioVersion = 10.0.40219.1
Project("{FAE04EC0-301F-11D3-BF4B-00C04F79EFBC}") = "RmDataManager", "RmDataManager\RmDataManager.csproj", "{856DF6A2-4001-467F-AF71-6EAC98451A91}"
EndProject
Project("{00D1A9C2-B5F0-4AF3-8072-F6C62B433612}") = "RmData", "RmData\RmData.sqlproj", "{5BCAB62F-64D6-4037-86A9-C91B20E5A25C}"
EndProject
Project("{FAE04EC0-301F-11D3-BF4B-00C04F79EFBC}") = "RmWPFUserInterface", "RmWPFUserInterface\RmWPFUserInterface.csproj", "{87FFC094-F803-4398-9F94-071FC62FCEBE}"
EndProject
Project("{FAE04EC0-301F-11D3-BF4B-00C04F79EFBC}") = "RmDataManager.Library", "RmDataManager.Library\RmDataManager.Library.csproj", "{1FA11952-E613-4F8D-9981-89427FA0B16B}"
EndProject
Project("{FAE04EC0-301F-11D3-BF4B-00C04F79EFBC}") = "RmDesktopUI.Library", "RmDesktopUI.Library\RmDesktopUI.Library.csproj", "{C4325044-5262-4978-B305-C764F8731D31}"
EndProject
Project("{2150E333-8FDC-42A3-9474-1A3956D46DE8}") = "Solution Items", "Solution Items", "{90A30C36-5B16-4D20-85B7-1F79C29AB228}"
	ProjectSection(SolutionItems) = preProject
		README.md = README.md
	EndProjectSection
EndProject
Project("{2150E333-8FDC-42A3-9474-1A3956D46DE8}") = "Database", "Database", "{2627320C-84F7-4FA8-9500-AD9D2C9D9A2B}"
EndProject
Project("{2150E333-8FDC-42A3-9474-1A3956D46DE8}") = "API", "API", "{B4B4FBB1-4C38-4EC4-9B47-0EDE824B05AB}"
EndProject
Project("{2150E333-8FDC-42A3-9474-1A3956D46DE8}") = "WPF", "WPF", "{84263CC0-C537-4459-8381-5A1A7199C478}"
EndProject
Global
	GlobalSection(SolutionConfigurationPlatforms) = preSolution
		Debug|Any CPU = Debug|Any CPU
		Release|Any CPU = Release|Any CPU
	EndGlobalSection
	GlobalSection(ProjectConfigurationPlatforms) = postSolution
		{856DF6A2-4001-467F-AF71-6EAC98451A91}.Debug|Any CPU.ActiveCfg = Debug|Any CPU
		{856DF6A2-4001-467F-AF71-6EAC98451A91}.Debug|Any CPU.Build.0 = Debug|Any CPU
		{856DF6A2-4001-467F-AF71-6EAC98451A91}.Release|Any CPU.ActiveCfg = Release|Any CPU
		{856DF6A2-4001-467F-AF71-6EAC98451A91}.Release|Any CPU.Build.0 = Release|Any CPU
		{5BCAB62F-64D6-4037-86A9-C91B20E5A25C}.Debug|Any CPU.ActiveCfg = Debug|Any CPU
		{5BCAB62F-64D6-4037-86A9-C91B20E5A25C}.Debug|Any CPU.Build.0 = Debug|Any CPU
		{5BCAB62F-64D6-4037-86A9-C91B20E5A25C}.Debug|Any CPU.Deploy.0 = Debug|Any CPU
		{5BCAB62F-64D6-4037-86A9-C91B20E5A25C}.Release|Any CPU.ActiveCfg = Release|Any CPU
		{5BCAB62F-64D6-4037-86A9-C91B20E5A25C}.Release|Any CPU.Build.0 = Release|Any CPU
		{5BCAB62F-64D6-4037-86A9-C91B20E5A25C}.Release|Any CPU.Deploy.0 = Release|Any CPU
		{87FFC094-F803-4398-9F94-071FC62FCEBE}.Debug|Any CPU.ActiveCfg = Debug|Any CPU
		{87FFC094-F803-4398-9F94-071FC62FCEBE}.Debug|Any CPU.Build.0 = Debug|Any CPU
		{87FFC094-F803-4398-9F94-071FC62FCEBE}.Release|Any CPU.ActiveCfg = Release|Any CPU
		{87FFC094-F803-4398-9F94-071FC62FCEBE}.Release|Any CPU.Build.0 = Release|Any CPU
		{1FA11952-E613-4F8D-9981-89427FA0B16B}.Debug|Any CPU.ActiveCfg = Debug|Any CPU
		{1FA11952-E613-4F8D-9981-89427FA0B16B}.Debug|Any CPU.Build.0 = Debug|Any CPU
		{1FA11952-E613-4F8D-9981-89427FA0B16B}.Release|Any CPU.ActiveCfg = Release|Any CPU
		{1FA11952-E613-4F8D-9981-89427FA0B16B}.Release|Any CPU.Build.0 = Release|Any CPU
		{C4325044-5262-4978-B305-C764F8731D31}.Debug|Any CPU.ActiveCfg = Debug|Any CPU
		{C4325044-5262-4978-B305-C764F8731D31}.Debug|Any CPU.Build.0 = Debug|Any CPU
		{C4325044-5262-4978-B305-C764F8731D31}.Release|Any CPU.ActiveCfg = Release|Any CPU
		{C4325044-5262-4978-B305-C764F8731D31}.Release|Any CPU.Build.0 = Release|Any CPU
	EndGlobalSection
	GlobalSection(SolutionProperties) = preSolution
		HideSolutionNode = FALSE
	EndGlobalSection
	GlobalSection(NestedProjects) = preSolution
		{856DF6A2-4001-467F-AF71-6EAC98451A91} = {B4B4FBB1-4C38-4EC4-9B47-0EDE824B05AB}
		{5BCAB62F-64D6-4037-86A9-C91B20E5A25C} = {2627320C-84F7-4FA8-9500-AD9D2C9D9A2B}
		{87FFC094-F803-4398-9F94-071FC62FCEBE} = {84263CC0-C537-4459-8381-5A1A7199C478}
		{1FA11952-E613-4F8D-9981-89427FA0B16B} = {B4B4FBB1-4C38-4EC4-9B47-0EDE824B05AB}
		{C4325044-5262-4978-B305-C764F8731D31} = {84263CC0-C537-4459-8381-5A1A7199C478}
	EndGlobalSection
	GlobalSection(ExtensibilityGlobals) = postSolution
		SolutionGuid = {BED2890A-AA6F-49E2-B765-6285B079AD68}
	EndGlobalSection
EndGlobal
